
Microsoft Visual Studio Solution File, Format Version 12.00
# Visual Studio Version 16
VisualStudioVersion = 16.0.31729.503
MinimumVisualStudioVersion = 10.0.40219.1
Project("{2150E333-8FDC-42A3-9474-1A3956D46DE8}") = "Gün 1", "Gün 1", "{9960F98C-3B4A-47FD-85D2-98216190025C}"
EndProject
Project("{9A19103F-16F7-4668-BE54-9A1E7A4F7556}") = "Degiskenler", "Degiskenler\Degiskenler.csproj", "{5A0A7D95-8984-4E03-A610-CB15F4B385B6}"
EndProject
Project("{9A19103F-16F7-4668-BE54-9A1E7A4F7556}") = "KararYapilariVeDonguler", "KararYapilariVeDonguler\KararYapilariVeDonguler.csproj", "{A089E933-1173-4EC5-B88F-6660ED50ED0F}"
EndProject
Project("{2150E333-8FDC-42A3-9474-1A3956D46DE8}") = "Gün 2", "Gün 2", "{04E71695-6502-4A0F-8ADD-014D0CB36EAF}"
EndProject
Project("{9A19103F-16F7-4668-BE54-9A1E7A4F7556}") = "InputIslemleri", "InputIslemleri\InputIslemleri.csproj", "{1ECA1968-8013-45AD-A441-EDB630ED0814}"
EndProject
Project("{9A19103F-16F7-4668-BE54-9A1E7A4F7556}") = "RandomNesnesi", "RandomNesnesi\RandomNesnesi.csproj", "{1A907EFA-D65F-44FB-A2E5-372EEFC2AB59}"
EndProject
Project("{9A19103F-16F7-4668-BE54-9A1E7A4F7556}") = "SekilCizme", "SekilCizme\SekilCizme.csproj", "{A60D69E8-07DD-4528-BEEB-9A957DB74926}"
EndProject
Project("{9A19103F-16F7-4668-BE54-9A1E7A4F7556}") = "BOM Oyunu", "BOM Oyunu\BOM Oyunu.csproj", "{1C59324D-5DF5-479A-83F8-DF00B493D805}"
EndProject
Project("{2150E333-8FDC-42A3-9474-1A3956D46DE8}") = "Gün 3", "Gün 3", "{5B9E658D-8C21-4ADD-B834-0BC810B4DC79}"
EndProject
Project("{9A19103F-16F7-4668-BE54-9A1E7A4F7556}") = "BOM Oyunu H", "BOM Oyunu Hoca\BOM Oyunu H.csproj", "{202A192F-2A7B-4A21-A0F1-EEB5C164A262}"
EndProject
Project("{9A19103F-16F7-4668-BE54-9A1E7A4F7556}") = "matris ile üçgen çizimi", "matris ile üçgen çizimi\matris ile üçgen çizimi.csproj", "{D83E6C93-8D59-4687-B6B6-3A637E1A06EF}"
EndProject
Project("{9A19103F-16F7-4668-BE54-9A1E7A4F7556}") = "Diziler", "Diziler\Diziler.csproj", "{BC67BBB4-554A-458E-9329-5591E67980FF}"
EndProject
Project("{9A19103F-16F7-4668-BE54-9A1E7A4F7556}") = "sayı tahmin etme", "sayı tahmin etme\sayı tahmin etme.csproj", "{3B1E21A6-CAD5-45D8-88F8-C601ED8EA77D}"
EndProject
Project("{9A19103F-16F7-4668-BE54-9A1E7A4F7556}") = "Zar  Oyunu", "Zar  Oyunu\Zar  Oyunu.csproj", "{844048D3-FB5C-4720-AE66-7FE0D08475B2}"
EndProject
Project("{9A19103F-16F7-4668-BE54-9A1E7A4F7556}") = "Kelime Tahmin Oyunu", "Kelime Tahmin Oyunu\Kelime Tahmin Oyunu.csproj", "{8E829E71-20D9-40A2-B0AE-4E3A843B0504}"
EndProject
Project("{2150E333-8FDC-42A3-9474-1A3956D46DE8}") = "Gün 4", "Gün 4", "{D7781A45-527D-479A-B33F-45A4E6009865}"
EndProject
Project("{9A19103F-16F7-4668-BE54-9A1E7A4F7556}") = "sayıTahmin H", "sayıTahmin hoca\sayıTahmin H.csproj", "{A64894B6-ACCE-4954-8CD3-553D922ADD8E}"
EndProject
Project("{9A19103F-16F7-4668-BE54-9A1E7A4F7556}") = "Zar oyunu H", "Zar oyunu H\Zar oyunu H.csproj", "{AEC10CB5-C80F-4D4A-85A7-7E56ABED408C}"
EndProject
Project("{9A19103F-16F7-4668-BE54-9A1E7A4F7556}") = "Adam asmaca H", "Adam asmaca H\Adam asmaca H.csproj", "{128D5310-F6F9-4A60-A985-61B191E36183}"
EndProject
Project("{9A19103F-16F7-4668-BE54-9A1E7A4F7556}") = "Method", "Method 2\Method.csproj", "{23B80307-9C84-4D85-B76B-E2BC1014A2D1}"
EndProject
Project("{9A19103F-16F7-4668-BE54-9A1E7A4F7556}") = "ref - out - tupple", "ref - out - tupple\ref - out - tupple.csproj", "{70B4F3A9-F82E-411B-BB05-BF687281222A}"
EndProject
Project("{9A19103F-16F7-4668-BE54-9A1E7A4F7556}") = "argm", "argm\argm.csproj", "{B50F84C3-D3FE-4908-B4E9-1A6F26CBDC8D}"
EndProject
Project("{9A19103F-16F7-4668-BE54-9A1E7A4F7556}") = "Form ilk", "Form ilk\Form ilk.csproj", "{1189B6F7-C933-4FF6-9670-B182DFFF49AC}"
EndProject
Project("{2150E333-8FDC-42A3-9474-1A3956D46DE8}") = "Gün 5", "Gün 5", "{39185AD7-7620-4A1C-96B6-B7C44B11CC44}"
EndProject
Project("{9A19103F-16F7-4668-BE54-9A1E7A4F7556}") = "AdresDefteri", "AdresDefteri\AdresDefteri.csproj", "{6F7453F4-4EC3-40F9-8D99-C4FAB45615A9}"
EndProject
Project("{9A19103F-16F7-4668-BE54-9A1E7A4F7556}") = "AdresDefteri.Models", "AdresDefteri.Models\AdresDefteri.Models.csproj", "{A3403F96-9935-40CB-9D34-2ABD58EDA5C2}"
EndProject
Project("{9A19103F-16F7-4668-BE54-9A1E7A4F7556}") = "HesapMakinesi", "HesapMakinesi\HesapMakinesi.csproj", "{D378E5A0-BF25-408F-8E01-A3BAE7B1C158}"
EndProject
Project("{2150E333-8FDC-42A3-9474-1A3956D46DE8}") = "Uygulamalar", "Uygulamalar", "{B9FAA7EC-420A-4E9D-A567-FB3FD6D30FDD}"
EndProject
Project("{9A19103F-16F7-4668-BE54-9A1E7A4F7556}") = "PersonelTakipUygulaması", "PersonelTakipUygulaması\PersonelTakipUygulaması.csproj", "{C81A54D0-FE14-4C84-B7EE-2E9CC7C94346}"
EndProject
Project("{2150E333-8FDC-42A3-9474-1A3956D46DE8}") = "Gün 6", "Gün 6", "{DFD1C9A9-1156-42B6-903B-6CA48AB64CC4}"
EndProject
Project("{9A19103F-16F7-4668-BE54-9A1E7A4F7556}") = "Kalitim", "Kalitim\Kalitim.csproj", "{8D3E2A03-79A4-4434-AADF-A29DFD419F35}"
EndProject
Project("{2150E333-8FDC-42A3-9474-1A3956D46DE8}") = "Gün 7", "Gün 7", "{655D42C8-3814-448F-9B26-8608CFCB6E54}"
EndProject
Project("{2150E333-8FDC-42A3-9474-1A3956D46DE8}") = "Gün 8", "Gün 8", "{8BA1889E-1F70-4202-9167-50EF5C622BD3}"
EndProject
Global
	GlobalSection(SolutionConfigurationPlatforms) = preSolution
		Debug|Any CPU = Debug|Any CPU
		Release|Any CPU = Release|Any CPU
	EndGlobalSection
	GlobalSection(ProjectConfigurationPlatforms) = postSolution
		{5A0A7D95-8984-4E03-A610-CB15F4B385B6}.Debug|Any CPU.ActiveCfg = Debug|Any CPU
		{5A0A7D95-8984-4E03-A610-CB15F4B385B6}.Debug|Any CPU.Build.0 = Debug|Any CPU
		{5A0A7D95-8984-4E03-A610-CB15F4B385B6}.Release|Any CPU.ActiveCfg = Release|Any CPU
		{5A0A7D95-8984-4E03-A610-CB15F4B385B6}.Release|Any CPU.Build.0 = Release|Any CPU
		{A089E933-1173-4EC5-B88F-6660ED50ED0F}.Debug|Any CPU.ActiveCfg = Debug|Any CPU
		{A089E933-1173-4EC5-B88F-6660ED50ED0F}.Debug|Any CPU.Build.0 = Debug|Any CPU
		{A089E933-1173-4EC5-B88F-6660ED50ED0F}.Release|Any CPU.ActiveCfg = Release|Any CPU
		{A089E933-1173-4EC5-B88F-6660ED50ED0F}.Release|Any CPU.Build.0 = Release|Any CPU
		{1ECA1968-8013-45AD-A441-EDB630ED0814}.Debug|Any CPU.ActiveCfg = Debug|Any CPU
		{1ECA1968-8013-45AD-A441-EDB630ED0814}.Debug|Any CPU.Build.0 = Debug|Any CPU
		{1ECA1968-8013-45AD-A441-EDB630ED0814}.Release|Any CPU.ActiveCfg = Release|Any CPU
		{1ECA1968-8013-45AD-A441-EDB630ED0814}.Release|Any CPU.Build.0 = Release|Any CPU
		{1A907EFA-D65F-44FB-A2E5-372EEFC2AB59}.Debug|Any CPU.ActiveCfg = Debug|Any CPU
		{1A907EFA-D65F-44FB-A2E5-372EEFC2AB59}.Debug|Any CPU.Build.0 = Debug|Any CPU
		{1A907EFA-D65F-44FB-A2E5-372EEFC2AB59}.Release|Any CPU.ActiveCfg = Release|Any CPU
		{1A907EFA-D65F-44FB-A2E5-372EEFC2AB59}.Release|Any CPU.Build.0 = Release|Any CPU
		{A60D69E8-07DD-4528-BEEB-9A957DB74926}.Debug|Any CPU.ActiveCfg = Debug|Any CPU
		{A60D69E8-07DD-4528-BEEB-9A957DB74926}.Debug|Any CPU.Build.0 = Debug|Any CPU
		{A60D69E8-07DD-4528-BEEB-9A957DB74926}.Release|Any CPU.ActiveCfg = Release|Any CPU
		{A60D69E8-07DD-4528-BEEB-9A957DB74926}.Release|Any CPU.Build.0 = Release|Any CPU
		{1C59324D-5DF5-479A-83F8-DF00B493D805}.Debug|Any CPU.ActiveCfg = Debug|Any CPU
		{1C59324D-5DF5-479A-83F8-DF00B493D805}.Debug|Any CPU.Build.0 = Debug|Any CPU
		{1C59324D-5DF5-479A-83F8-DF00B493D805}.Release|Any CPU.ActiveCfg = Release|Any CPU
		{1C59324D-5DF5-479A-83F8-DF00B493D805}.Release|Any CPU.Build.0 = Release|Any CPU
		{202A192F-2A7B-4A21-A0F1-EEB5C164A262}.Debug|Any CPU.ActiveCfg = Debug|Any CPU
		{202A192F-2A7B-4A21-A0F1-EEB5C164A262}.Debug|Any CPU.Build.0 = Debug|Any CPU
		{202A192F-2A7B-4A21-A0F1-EEB5C164A262}.Release|Any CPU.ActiveCfg = Release|Any CPU
		{202A192F-2A7B-4A21-A0F1-EEB5C164A262}.Release|Any CPU.Build.0 = Release|Any CPU
		{D83E6C93-8D59-4687-B6B6-3A637E1A06EF}.Debug|Any CPU.ActiveCfg = Debug|Any CPU
		{D83E6C93-8D59-4687-B6B6-3A637E1A06EF}.Debug|Any CPU.Build.0 = Debug|Any CPU
		{D83E6C93-8D59-4687-B6B6-3A637E1A06EF}.Release|Any CPU.ActiveCfg = Release|Any CPU
		{D83E6C93-8D59-4687-B6B6-3A637E1A06EF}.Release|Any CPU.Build.0 = Release|Any CPU
		{BC67BBB4-554A-458E-9329-5591E67980FF}.Debug|Any CPU.ActiveCfg = Debug|Any CPU
		{BC67BBB4-554A-458E-9329-5591E67980FF}.Debug|Any CPU.Build.0 = Debug|Any CPU
		{BC67BBB4-554A-458E-9329-5591E67980FF}.Release|Any CPU.ActiveCfg = Release|Any CPU
		{BC67BBB4-554A-458E-9329-5591E67980FF}.Release|Any CPU.Build.0 = Release|Any CPU
		{3B1E21A6-CAD5-45D8-88F8-C601ED8EA77D}.Debug|Any CPU.ActiveCfg = Debug|Any CPU
		{3B1E21A6-CAD5-45D8-88F8-C601ED8EA77D}.Debug|Any CPU.Build.0 = Debug|Any CPU
		{3B1E21A6-CAD5-45D8-88F8-C601ED8EA77D}.Release|Any CPU.ActiveCfg = Release|Any CPU
		{3B1E21A6-CAD5-45D8-88F8-C601ED8EA77D}.Release|Any CPU.Build.0 = Release|Any CPU
		{844048D3-FB5C-4720-AE66-7FE0D08475B2}.Debug|Any CPU.ActiveCfg = Debug|Any CPU
		{844048D3-FB5C-4720-AE66-7FE0D08475B2}.Debug|Any CPU.Build.0 = Debug|Any CPU
		{844048D3-FB5C-4720-AE66-7FE0D08475B2}.Release|Any CPU.ActiveCfg = Release|Any CPU
		{844048D3-FB5C-4720-AE66-7FE0D08475B2}.Release|Any CPU.Build.0 = Release|Any CPU
		{8E829E71-20D9-40A2-B0AE-4E3A843B0504}.Debug|Any CPU.ActiveCfg = Debug|Any CPU
		{8E829E71-20D9-40A2-B0AE-4E3A843B0504}.Debug|Any CPU.Build.0 = Debug|Any CPU
		{8E829E71-20D9-40A2-B0AE-4E3A843B0504}.Release|Any CPU.ActiveCfg = Release|Any CPU
		{8E829E71-20D9-40A2-B0AE-4E3A843B0504}.Release|Any CPU.Build.0 = Release|Any CPU
		{A64894B6-ACCE-4954-8CD3-553D922ADD8E}.Debug|Any CPU.ActiveCfg = Debug|Any CPU
		{A64894B6-ACCE-4954-8CD3-553D922ADD8E}.Debug|Any CPU.Build.0 = Debug|Any CPU
		{A64894B6-ACCE-4954-8CD3-553D922ADD8E}.Release|Any CPU.ActiveCfg = Release|Any CPU
		{A64894B6-ACCE-4954-8CD3-553D922ADD8E}.Release|Any CPU.Build.0 = Release|Any CPU
		{AEC10CB5-C80F-4D4A-85A7-7E56ABED408C}.Debug|Any CPU.ActiveCfg = Debug|Any CPU
		{AEC10CB5-C80F-4D4A-85A7-7E56ABED408C}.Debug|Any CPU.Build.0 = Debug|Any CPU
		{AEC10CB5-C80F-4D4A-85A7-7E56ABED408C}.Release|Any CPU.ActiveCfg = Release|Any CPU
		{AEC10CB5-C80F-4D4A-85A7-7E56ABED408C}.Release|Any CPU.Build.0 = Release|Any CPU
		{128D5310-F6F9-4A60-A985-61B191E36183}.Debug|Any CPU.ActiveCfg = Debug|Any CPU
		{128D5310-F6F9-4A60-A985-61B191E36183}.Debug|Any CPU.Build.0 = Debug|Any CPU
		{128D5310-F6F9-4A60-A985-61B191E36183}.Release|Any CPU.ActiveCfg = Release|Any CPU
		{128D5310-F6F9-4A60-A985-61B191E36183}.Release|Any CPU.Build.0 = Release|Any CPU
		{23B80307-9C84-4D85-B76B-E2BC1014A2D1}.Debug|Any CPU.ActiveCfg = Debug|Any CPU
		{23B80307-9C84-4D85-B76B-E2BC1014A2D1}.Debug|Any CPU.Build.0 = Debug|Any CPU
		{23B80307-9C84-4D85-B76B-E2BC1014A2D1}.Release|Any CPU.ActiveCfg = Release|Any CPU
		{23B80307-9C84-4D85-B76B-E2BC1014A2D1}.Release|Any CPU.Build.0 = Release|Any CPU
		{70B4F3A9-F82E-411B-BB05-BF687281222A}.Debug|Any CPU.ActiveCfg = Debug|Any CPU
		{70B4F3A9-F82E-411B-BB05-BF687281222A}.Debug|Any CPU.Build.0 = Debug|Any CPU
		{70B4F3A9-F82E-411B-BB05-BF687281222A}.Release|Any CPU.ActiveCfg = Release|Any CPU
		{70B4F3A9-F82E-411B-BB05-BF687281222A}.Release|Any CPU.Build.0 = Release|Any CPU
		{B50F84C3-D3FE-4908-B4E9-1A6F26CBDC8D}.Debug|Any CPU.ActiveCfg = Debug|Any CPU
		{B50F84C3-D3FE-4908-B4E9-1A6F26CBDC8D}.Debug|Any CPU.Build.0 = Debug|Any CPU
		{B50F84C3-D3FE-4908-B4E9-1A6F26CBDC8D}.Release|Any CPU.ActiveCfg = Release|Any CPU
		{B50F84C3-D3FE-4908-B4E9-1A6F26CBDC8D}.Release|Any CPU.Build.0 = Release|Any CPU
		{1189B6F7-C933-4FF6-9670-B182DFFF49AC}.Debug|Any CPU.ActiveCfg = Debug|Any CPU
		{1189B6F7-C933-4FF6-9670-B182DFFF49AC}.Debug|Any CPU.Build.0 = Debug|Any CPU
		{1189B6F7-C933-4FF6-9670-B182DFFF49AC}.Release|Any CPU.ActiveCfg = Release|Any CPU
		{1189B6F7-C933-4FF6-9670-B182DFFF49AC}.Release|Any CPU.Build.0 = Release|Any CPU
		{6F7453F4-4EC3-40F9-8D99-C4FAB45615A9}.Debug|Any CPU.ActiveCfg = Debug|Any CPU
		{6F7453F4-4EC3-40F9-8D99-C4FAB45615A9}.Debug|Any CPU.Build.0 = Debug|Any CPU
		{6F7453F4-4EC3-40F9-8D99-C4FAB45615A9}.Release|Any CPU.ActiveCfg = Release|Any CPU
		{6F7453F4-4EC3-40F9-8D99-C4FAB45615A9}.Release|Any CPU.Build.0 = Release|Any CPU
		{A3403F96-9935-40CB-9D34-2ABD58EDA5C2}.Debug|Any CPU.ActiveCfg = Debug|Any CPU
		{A3403F96-9935-40CB-9D34-2ABD58EDA5C2}.Debug|Any CPU.Build.0 = Debug|Any CPU
		{A3403F96-9935-40CB-9D34-2ABD58EDA5C2}.Release|Any CPU.ActiveCfg = Release|Any CPU
		{A3403F96-9935-40CB-9D34-2ABD58EDA5C2}.Release|Any CPU.Build.0 = Release|Any CPU
		{D378E5A0-BF25-408F-8E01-A3BAE7B1C158}.Debug|Any CPU.ActiveCfg = Debug|Any CPU
		{D378E5A0-BF25-408F-8E01-A3BAE7B1C158}.Debug|Any CPU.Build.0 = Debug|Any CPU
		{D378E5A0-BF25-408F-8E01-A3BAE7B1C158}.Release|Any CPU.ActiveCfg = Release|Any CPU
		{D378E5A0-BF25-408F-8E01-A3BAE7B1C158}.Release|Any CPU.Build.0 = Release|Any CPU
		{C81A54D0-FE14-4C84-B7EE-2E9CC7C94346}.Debug|Any CPU.ActiveCfg = Debug|Any CPU
		{C81A54D0-FE14-4C84-B7EE-2E9CC7C94346}.Debug|Any CPU.Build.0 = Debug|Any CPU
		{C81A54D0-FE14-4C84-B7EE-2E9CC7C94346}.Release|Any CPU.ActiveCfg = Release|Any CPU
		{C81A54D0-FE14-4C84-B7EE-2E9CC7C94346}.Release|Any CPU.Build.0 = Release|Any CPU
		{8D3E2A03-79A4-4434-AADF-A29DFD419F35}.Debug|Any CPU.ActiveCfg = Debug|Any CPU
		{8D3E2A03-79A4-4434-AADF-A29DFD419F35}.Debug|Any CPU.Build.0 = Debug|Any CPU
		{8D3E2A03-79A4-4434-AADF-A29DFD419F35}.Release|Any CPU.ActiveCfg = Release|Any CPU
		{8D3E2A03-79A4-4434-AADF-A29DFD419F35}.Release|Any CPU.Build.0 = Release|Any CPU
	EndGlobalSection
	GlobalSection(SolutionProperties) = preSolution
		HideSolutionNode = FALSE
	EndGlobalSection
	GlobalSection(NestedProjects) = preSolution
		{5A0A7D95-8984-4E03-A610-CB15F4B385B6} = {9960F98C-3B4A-47FD-85D2-98216190025C}
		{A089E933-1173-4EC5-B88F-6660ED50ED0F} = {9960F98C-3B4A-47FD-85D2-98216190025C}
		{1ECA1968-8013-45AD-A441-EDB630ED0814} = {04E71695-6502-4A0F-8ADD-014D0CB36EAF}
		{1A907EFA-D65F-44FB-A2E5-372EEFC2AB59} = {04E71695-6502-4A0F-8ADD-014D0CB36EAF}
		{A60D69E8-07DD-4528-BEEB-9A957DB74926} = {04E71695-6502-4A0F-8ADD-014D0CB36EAF}
		{1C59324D-5DF5-479A-83F8-DF00B493D805} = {04E71695-6502-4A0F-8ADD-014D0CB36EAF}
		{202A192F-2A7B-4A21-A0F1-EEB5C164A262} = {5B9E658D-8C21-4ADD-B834-0BC810B4DC79}
		{D83E6C93-8D59-4687-B6B6-3A637E1A06EF} = {5B9E658D-8C21-4ADD-B834-0BC810B4DC79}
		{BC67BBB4-554A-458E-9329-5591E67980FF} = {5B9E658D-8C21-4ADD-B834-0BC810B4DC79}
		{3B1E21A6-CAD5-45D8-88F8-C601ED8EA77D} = {5B9E658D-8C21-4ADD-B834-0BC810B4DC79}
		{844048D3-FB5C-4720-AE66-7FE0D08475B2} = {5B9E658D-8C21-4ADD-B834-0BC810B4DC79}
		{8E829E71-20D9-40A2-B0AE-4E3A843B0504} = {5B9E658D-8C21-4ADD-B834-0BC810B4DC79}
		{A64894B6-ACCE-4954-8CD3-553D922ADD8E} = {D7781A45-527D-479A-B33F-45A4E6009865}
		{AEC10CB5-C80F-4D4A-85A7-7E56ABED408C} = {D7781A45-527D-479A-B33F-45A4E6009865}
		{128D5310-F6F9-4A60-A985-61B191E36183} = {D7781A45-527D-479A-B33F-45A4E6009865}
		{23B80307-9C84-4D85-B76B-E2BC1014A2D1} = {D7781A45-527D-479A-B33F-45A4E6009865}
		{70B4F3A9-F82E-411B-BB05-BF687281222A} = {D7781A45-527D-479A-B33F-45A4E6009865}
		{B50F84C3-D3FE-4908-B4E9-1A6F26CBDC8D} = {D7781A45-527D-479A-B33F-45A4E6009865}
		{1189B6F7-C933-4FF6-9670-B182DFFF49AC} = {D7781A45-527D-479A-B33F-45A4E6009865}
		{6F7453F4-4EC3-40F9-8D99-C4FAB45615A9} = {39185AD7-7620-4A1C-96B6-B7C44B11CC44}
		{A3403F96-9935-40CB-9D34-2ABD58EDA5C2} = {39185AD7-7620-4A1C-96B6-B7C44B11CC44}
		{D378E5A0-BF25-408F-8E01-A3BAE7B1C158} = {B9FAA7EC-420A-4E9D-A567-FB3FD6D30FDD}
		{C81A54D0-FE14-4C84-B7EE-2E9CC7C94346} = {B9FAA7EC-420A-4E9D-A567-FB3FD6D30FDD}
		{8D3E2A03-79A4-4434-AADF-A29DFD419F35} = {DFD1C9A9-1156-42B6-903B-6CA48AB64CC4}
	EndGlobalSection
	GlobalSection(ExtensibilityGlobals) = postSolution
		SolutionGuid = {1AB4EDC3-6721-4BA7-8C33-9CF35518AC83}
	EndGlobalSection
EndGlobal
